# THIS IS AN AUTOGENERATED FILE. DO NOT EDIT THIS FILE DIRECTLY.
# yarn lockfile v1


"@types/node@^16.3.3":
  version "16.3.3"
  resolved "https://registry.yarnpkg.com/@types/node/-/node-16.3.3.tgz#0c30adff37bbbc7a50eb9b58fae2a504d0d88038"
  integrity sha512-8h7k1YgQKxKXWckzFCMfsIwn0Y61UK6tlD6y2lOb3hTOIMlK3t9/QwHOhc81TwU+RMf0As5fj7NPjroERCnejQ==

"@types/yargs-parser@*":
  version "20.2.1"
  resolved "https://registry.yarnpkg.com/@types/yargs-parser/-/yargs-parser-20.2.1.tgz#3b9ce2489919d9e4fea439b76916abc34b2df129"
  integrity sha512-7tFImggNeNBVMsn0vLrpn1H1uPrUBdnARPTpZoitY37ZrdJREzf7I16tMrlK3hen349gr1NYh8CmZQa7CTG6Aw==

"@types/yargs@^17.0.2":
  version "17.0.2"
  resolved "https://registry.yarnpkg.com/@types/yargs/-/yargs-17.0.2.tgz#8fb2e0f4cdc7ab2a1a570106e56533f31225b584"
  integrity sha512-JhZ+pNdKMfB0rXauaDlrIvm+U7V4m03PPOSVoPS66z8gf+G4Z/UW8UlrVIj2MRQOBzuoEvYtjS0bqYwnpZaS9Q==
  dependencies:
    "@types/yargs-parser" "*"

ansi-styles@^4.1.0:
  version "4.3.0"
  resolved "https://registry.nlark.com/ansi-styles/download/ansi-styles-4.3.0.tgz#edd803628ae71c04c85ae7a0906edad34b648937"
  integrity sha1-7dgDYornHATIWuegkG7a00tkiTc=
  dependencies:
    color-convert "^2.0.1"

cac@^6.7.3:
  version "6.7.3"
  resolved "https://registry.yarnpkg.com/cac/-/cac-6.7.3.tgz#10410b8611677990cc2e3c8b576d471c1d71b768"
  integrity sha512-ECVqVZh74qgSuZG9YOt2OJPI3wGcf+EwwuF/XIOYqZBD0KZYLtgPWqFPxmDPQ6joxI1nOlvVgRV6VT53Ooyocg==

chalk@^4.1.1:
  version "4.1.1"
  resolved "https://registry.nlark.com/chalk/download/chalk-4.1.1.tgz?cache=0&sync_timestamp=1618995367379&other_urls=https%3A%2F%2Fregistry.nlark.com%2Fchalk%2Fdownload%2Fchalk-4.1.1.tgz#c80b3fab28bf6371e6863325eee67e618b77e6ad"
  integrity sha1-yAs/qyi/Y3HmhjMl7uZ+YYt35q0=
  dependencies:
    ansi-styles "^4.1.0"
    supports-color "^7.1.0"

color-convert@^2.0.1:
  version "2.0.1"
  resolved "https://registry.npm.taobao.org/color-convert/download/color-convert-2.0.1.tgz#72d3a68d598c9bdb3af2ad1e84f21d896abd4de3"
  integrity sha1-ctOmjVmMm9s68q0ehPIdiWq9TeM=
  dependencies:
    color-name "~1.1.4"

color-name@~1.1.4:
  version "1.1.4"
  resolved "https://registry.nlark.com/color-name/download/color-name-1.1.4.tgz#c2a09a87acbde69543de6f63fa3995c826c536a2"
  integrity sha1-wqCah6y95pVD3m9j+jmVyCbFNqI=

has-flag@^4.0.0:
  version "4.0.0"
  resolved "https://registry.nlark.com/has-flag/download/has-flag-4.0.0.tgz#944771fd9c81c81265c4d6941860da06bb59479b"
  integrity sha1-lEdx/ZyByBJlxNaUGGDaBrtZR5s=

supports-color@^7.1.0:
  version "7.2.0"
  resolved "https://registry.nlark.com/supports-color/download/supports-color-7.2.0.tgz?cache=0&sync_timestamp=1626703414084&other_urls=https%3A%2F%2Fregistry.nlark.com%2Fsupports-color%2Fdownload%2Fsupports-color-7.2.0.tgz#1b7dcdcb32b8138801b3e478ba6a51caa89648da"
  integrity sha1-G33NyzK4E4gBs+R4umpRyqiWSNo=
  dependencies:
    has-flag "^4.0.0"

typescript@^4.3.5:
  version "4.3.5"
  resolved "https://registry.yarnpkg.com/typescript/-/typescript-4.3.5.tgz#4d1c37cc16e893973c45a06886b7113234f119f4"
  integrity sha512-DqQgihaQ9cUrskJo9kIyW/+g0Vxsk8cDtZ52a3NGh0YNTfpUSArXSohyUGnvbPazEPLu398C0UxmKSOrPumUzA==
